
Microsoft Visual Studio Solution File, Format Version 12.00
# Visual Studio Version 17
VisualStudioVersion = 17.2.32602.215
MinimumVisualStudioVersion = 10.0.40219.1
Project("{9A19103F-16F7-4668-BE54-9A1E7A4F7556}") = "ConsoleApp1", "ConsoleApp1.csproj", "{4D67017A-F0A5-4C32-8155-A742571822FE}"
EndProject
Global
	GlobalSection(SolutionConfigurationPlatforms) = preSolution
		Debug|Any CPU = Debug|Any CPU
		Release|Any CPU = Release|Any CPU
	EndGlobalSection
	GlobalSection(ProjectConfigurationPlatforms) = postSolution
		{4D67017A-F0A5-4C32-8155-A742571822FE}.Debug|Any CPU.ActiveCfg = Debug|Any CPU
		{4D67017A-F0A5-4C32-8155-A742571822FE}.Debug|Any CPU.Build.0 = Debug|Any CPU
		{4D67017A-F0A5-4C32-8155-A742571822FE}.Release|Any CPU.ActiveCfg = Release|Any CPU
		{4D67017A-F0A5-4C32-8155-A742571822FE}.Release|Any CPU.Build.0 = Release|Any CPU
	EndGlobalSection
	GlobalSection(SolutionProperties) = preSolution
		HideSolutionNode = FALSE
	EndGlobalSection
	GlobalSection(ExtensibilityGlobals) = postSolution
		SolutionGuid = {9AA9B27F-E110-4D48-AD1D-4A8CC3ABC841}
	EndGlobalSection
EndGlobal
